// !$*UTF8*$!
{
	archiveVersion = 1;
	classes = {
	};
	objectVersion = 48;
	objects = {

/* Begin PBXBuildFile section */
		283BB10720A0295900FC6F45 /* SelectCountryVC.swift in Sources */ = {isa = PBXBuildFile; fileRef = 283BB10620A0295900FC6F45 /* SelectCountryVC.swift */; };
		284BB0AA20A4748200D321DA /* SearchResultVC.swift in Sources */ = {isa = PBXBuildFile; fileRef = 284BB0A920A4748200D321DA /* SearchResultVC.swift */; };
		284BB0AF20A93A1C00D321DA /* SortCountry.swift in Sources */ = {isa = PBXBuildFile; fileRef = 284BB0AE20A93A1C00D321DA /* SortCountry.swift */; };
		288A8001209C088C0039FD47 /* AppDelegate.swift in Sources */ = {isa = PBXBuildFile; fileRef = 288A8000209C088C0039FD47 /* AppDelegate.swift */; };
		288A8003209C088C0039FD47 /* ViewController.swift in Sources */ = {isa = PBXBuildFile; fileRef = 288A8002209C088C0039FD47 /* ViewController.swift */; };
		288A8006209C088C0039FD47 /* Main.storyboard in Resources */ = {isa = PBXBuildFile; fileRef = 288A8004209C088C0039FD47 /* Main.storyboard */; };
		288A8008209C088C0039FD47 /* Assets.xcassets in Resources */ = {isa = PBXBuildFile; fileRef = 288A8007209C088C0039FD47 /* Assets.xcassets */; };
		288A800B209C088C0039FD47 /* LaunchScreen.storyboard in Resources */ = {isa = PBXBuildFile; fileRef = 288A8009209C088C0039FD47 /* LaunchScreen.storyboard */; };
/* End PBXBuildFile section */

/* Begin PBXFileReference section */
		283BB10620A0295900FC6F45 /* SelectCountryVC.swift */ = {isa = PBXFileReference; lastKnownFileType = sourcecode.swift; path = SelectCountryVC.swift; sourceTree = "<group>"; };
		284BB0A920A4748200D321DA /* SearchResultVC.swift */ = {isa = PBXFileReference; lastKnownFileType = sourcecode.swift; path = SearchResultVC.swift; sourceTree = "<group>"; };
		284BB0AE20A93A1C00D321DA /* SortCountry.swift */ = {isa = PBXFileReference; lastKnownFileType = sourcecode.swift; path = SortCountry.swift; sourceTree = "<group>"; };
		288A7FFD209C088C0039FD47 /* SearchBar.app */ = {isa = PBXFileReference; explicitFileType = wrapper.application; includeInIndex = 0; path = SearchBar.app; sourceTree = BUILT_PRODUCTS_DIR; };
		288A8000209C088C0039FD47 /* AppDelegate.swift */ = {isa = PBXFileReference; lastKnownFileType = sourcecode.swift; path = AppDelegate.swift; sourceTree = "<group>"; };
		288A8002209C088C0039FD47 /* ViewController.swift */ = {isa = PBXFileReference; lastKnownFileType = sourcecode.swift; path = ViewController.swift; sourceTree = "<group>"; };
		288A8005209C088C0039FD47 /* Base */ = {isa = PBXFileReference; lastKnownFileType = file.storyboard; name = Base; path = Base.lproj/Main.storyboard; sourceTree = "<group>"; };
		288A8007209C088C0039FD47 /* Assets.xcassets */ = {isa = PBXFileReference; lastKnownFileType = folder.assetcatalog; path = Assets.xcassets; sourceTree = "<group>"; };
		288A800A209C088C0039FD47 /* Base */ = {isa = PBXFileReference; lastKnownFileType = file.storyboard; name = Base; path = Base.lproj/LaunchScreen.storyboard; sourceTree = "<group>"; };
		288A800C209C088C0039FD47 /* Info.plist */ = {isa = PBXFileReference; lastKnownFileType = text.plist.xml; path = Info.plist; sourceTree = "<group>"; };
/* End PBXFileReference section */

/* Begin PBXFrameworksBuildPhase section */
		288A7FFA209C088C0039FD47 /* Frameworks */ = {
			isa = PBXFrameworksBuildPhase;
			buildActionMask = 2147483647;
			files = (
			);
			runOnlyForDeploymentPostprocessing = 0;
		};
/* End PBXFrameworksBuildPhase section */

/* Begin PBXGroup section */
		288A7FF4209C088C0039FD47 = {
			isa = PBXGroup;
			children = (
				288A7FFF209C088C0039FD47 /* SearchBar */,
				288A7FFE209C088C0039FD47 /* Products */,
			);
			sourceTree = "<group>";
		};
		288A7FFE209C088C0039FD47 /* Products */ = {
			isa = PBXGroup;
			children = (
				288A7FFD209C088C0039FD47 /* SearchBar.app */,
			);
			name = Products;
			sourceTree = "<group>";
		};
		288A7FFF209C088C0039FD47 /* SearchBar */ = {
			isa = PBXGroup;
			children = (
				288A8000209C088C0039FD47 /* AppDelegate.swift */,
				288A8002209C088C0039FD47 /* ViewController.swift */,
				283BB10620A0295900FC6F45 /* SelectCountryVC.swift */,
				284BB0A920A4748200D321DA /* SearchResultVC.swift */,
				284BB0AE20A93A1C00D321DA /* SortCountry.swift */,
				288A8004209C088C0039FD47 /* Main.storyboard */,
				288A8007209C088C0039FD47 /* Assets.xcassets */,
				288A8009209C088C0039FD47 /* LaunchScreen.storyboard */,
				288A800C209C088C0039FD47 /* Info.plist */,
			);
			path = SearchBar;
			sourceTree = "<group>";
		};
/* End PBXGroup section */

/* Begin PBXNativeTarget section */
		288A7FFC209C088C0039FD47 /* SearchBar */ = {
			isa = PBXNativeTarget;
			buildConfigurationList = 288A800F209C088C0039FD47 /* Build configuration list for PBXNativeTarget "SearchBar" */;
			buildPhases = (
				288A7FF9209C088C0039FD47 /* Sources */,
				288A7FFA209C088C0039FD47 /* Frameworks */,
				288A7FFB209C088C0039FD47 /* Resources */,
			);
			buildRules = (
			);
			dependencies = (
			);
			name = SearchBar;
			productName = SearchBar;
			productReference = 288A7FFD209C088C0039FD47 /* SearchBar.app */;
			productType = "com.apple.product-type.application";
		};
/* End PBXNativeTarget section */

/* Begin PBXProject section */
		288A7FF5209C088C0039FD47 /* Project object */ = {
			isa = PBXProject;
			attributes = {
				LastSwiftUpdateCheck = 0920;
				LastUpgradeCheck = 0920;
				ORGANIZATIONNAME = huobanbengkui;
				TargetAttributes = {
					288A7FFC209C088C0039FD47 = {
						CreatedOnToolsVersion = 9.2;
						ProvisioningStyle = Automatic;
					};
				};
			};
			buildConfigurationList = 288A7FF8209C088C0039FD47 /* Build configuration list for PBXProject "SearchBar" */;
			compatibilityVersion = "Xcode 8.0";
			developmentRegion = en;
			hasScannedForEncodings = 0;
			knownRegions = (
				en,
				Base,
			);
			mainGroup = 288A7FF4209C088C0039FD47;
			productRefGroup = 288A7FFE209C088C0039FD47 /* Products */;
			projectDirPath = "";
			projectRoot = "";
			targets = (
				288A7FFC209C088C0039FD47 /* SearchBar */,
			);
		};
/* End PBXProject section */

/* Begin PBXResourcesBuildPhase section */
		288A7FFB209C088C0039FD47 /* Resources */ = {
			isa = PBXResourcesBuildPhase;
			buildActionMask = 2147483647;
			files = (
				288A800B209C088C0039FD47 /* LaunchScreen.storyboard in Resources */,
				288A8008209C088C0039FD47 /* Assets.xcassets in Resources */,
				288A8006209C088C0039FD47 /* Main.storyboard in Resources */,
			);
			runOnlyForDeploymentPostprocessing = 0;
		};
/* End PBXResourcesBuildPhase section */

/* Begin PBXSourcesBuildPhase section */
		288A7FF9209C088C0039FD47 /* Sources */ = {
			isa = PBXSourcesBuildPhase;
			buildActionMask = 2147483647;
			files = (
				288A8003209C088C0039FD47 /* ViewController.swift in Sources */,
				284BB0AA20A4748200D321DA /* SearchResultVC.swift in Sources */,
				283BB10720A0295900FC6F45 /* SelectCountryVC.swift in Sources */,
				284BB0AF20A93A1C00D321DA /* SortCountry.swift in Sources */,
				288A8001209C088C0039FD47 /* AppDelegate.swift in Sources */,
			);
			runOnlyForDeploymentPostprocessing = 0;
		};
/* End PBXSourcesBuildPhase section */

/* Begin PBXVariantGroup section */
		288A8004209C088C0039FD47 /* Main.storyboard */ = {
			isa = PBXVariantGroup;
			children = (
				288A8005209C088C0039FD47 /* Base */,
			);
			name = Main.storyboard;
			sourceTree = "<group>";
		};
		288A8009209C088C0039FD47 /* LaunchScreen.storyboard */ = {
			isa = PBXVariantGroup;
			children = (
				288A800A209C088C0039FD47 /* Base */,
			);
			name = LaunchScreen.storyboard;
			sourceTree = "<group>";
		};
/* End PBXVariantGroup section */

/* Begin XCBuildConfiguration section */
		288A800D209C088C0039FD47 /* Debug */ = {
			isa = XCBuildConfiguration;
			buildSettings = {
				ALWAYS_SEARCH_USER_PATHS = NO;
				CLANG_ANALYZER_NONNULL = YES;
				CLANG_ANALYZER_NUMBER_OBJECT_CONVERSION = YES_AGGRESSIVE;
				CLANG_CXX_LANGUAGE_STANDARD = "gnu++14";
				CLANG_CXX_LIBRARY = "libc++";
				CLANG_ENABLE_MODULES = YES;
				CLANG_ENABLE_OBJC_ARC = YES;
				CLANG_WARN_BLOCK_CAPTURE_AUTORELEASING = YES;
				CLANG_WARN_BOOL_CONVERSION = YES;
				CLANG_WARN_COMMA = YES;
				CLANG_WARN_CONSTANT_CONVERSION = YES;
				CLANG_WARN_DIRECT_OBJC_ISA_USAGE = YES_ERROR;
				CLANG_WARN_DOCUMENTATION_COMMENTS = YES;
				CLANG_WARN_EMPTY_BODY = YES;
				CLANG_WARN_ENUM_CONVERSION = YES;
				CLANG_WARN_INFINITE_RECURSION = YES;
				CLANG_WARN_INT_CONVERSION = YES;
				CLANG_WARN_NON_LITERAL_NULL_CONVERSION = YES;
				CLANG_WARN_OBJC_LITERAL_CONVERSION = YES;
				CLANG_WARN_OBJC_ROOT_CLASS = YES_ERROR;
				CLANG_WARN_RANGE_LOOP_ANALYSIS = YES;
				CLANG_WARN_STRICT_PROTOTYPES = YES;
				CLANG_WARN_SUSPICIOUS_MOVE = YES;
				CLANG_WARN_UNGUARDED_AVAILABILITY = YES_AGGRESSIVE;
				CLANG_WARN_UNREACHABLE_CODE = YES;
				CLANG_WARN__DUPLICATE_METHOD_MATCH = YES;
				CODE_SIGN_IDENTITY = "iPhone Developer";
				COPY_PHASE_STRIP = NO;
				DEBUG_INFORMATION_FORMAT = dwarf;
				ENABLE_STRICT_OBJC_MSGSEND = YES;
				ENABLE_TESTABILITY = YES;
				GCC_C_LANGUAGE_STANDARD = gnu11;
				GCC_DYNAMIC_NO_PIC = NO;
				GCC_NO_COMMON_BLOCKS = YES;
				GCC_OPTIMIZATION_LEVEL = 0;
				GCC_PREPROCESSOR_DEFINITIONS = (
					"DEBUG=1",
					"$(inherited)",
				);
				GCC_WARN_64_TO_32_BIT_CONVERSION = YES;
				GCC_WARN_ABOUT_RETURN_TYPE = YES_ERROR;
				GCC_WARN_UNDECLARED_SELECTOR = YES;
				GCC_WARN_UNINITIALIZED_AUTOS = YES_AGGRESSIVE;
				GCC_WARN_UNUSED_FUNCTION = YES;
				GCC_WARN_UNUSED_VARIABLE = YES;
				IPHONEOS_DEPLOYMENT_TARGET = 11.2;
				MTL_ENABLE_DEBUG_INFO = YES;
				ONLY_ACTIVE_ARCH = YES;
				SDKROOT = iphoneos;
				SWIFT_ACTIVE_COMPILATION_CONDITIONS = DEBUG;
				SWIFT_OPTIMIZATION_LEVEL = "-Onone";
			};
			name = Debug;
		};
		288A800E209C088C0039FD47 /* Release */ = {
			isa = XCBuildConfiguration;
			buildSettings = {
				ALWAYS_SEARCH_USER_PATHS = NO;
				CLANG_ANALYZER_NONNULL = YES;
				CLANG_ANALYZER_NUMBER_OBJECT_CONVERSION = YES_AGGRESSIVE;
				CLANG_CXX_LANGUAGE_STANDARD = "gnu++14";
				CLANG_CXX_LIBRARY = "libc++";
				CLANG_ENABLE_MODULES = YES;
				CLANG_ENABLE_OBJC_ARC = YES;
				CLANG_WARN_BLOCK_CAPTURE_AUTORELEASING = YES;
				CLANG_WARN_BOOL_CONVERSION = YES;
				CLANG_WARN_COMMA = YES;
				CLANG_WARN_CONSTANT_CONVERSION = YES;
				CLANG_WARN_DIRECT_OBJC_ISA_USAGE = YES_ERROR;
				CLANG_WARN_DOCUMENTATION_COMMENTS = YES;
				CLANG_WARN_EMPTY_BODY = YES;
				CLANG_WARN_ENUM_CONVERSION = YES;
				CLANG_WARN_INFINITE_RECURSION = YES;
				CLANG_WARN_INT_CONVERSION = YES;
				CLANG_WARN_NON_LITERAL_NULL_CONVERSION = YES;
				CLANG_WARN_OBJC_LITERAL_CONVERSION = YES;
				CLANG_WARN_OBJC_ROOT_CLASS = YES_ERROR;
				CLANG_WARN_RANGE_LOOP_ANALYSIS = YES;
				CLANG_WARN_STRICT_PROTOTYPES = YES;
				CLANG_WARN_SUSPICIOUS_MOVE = YES;
				CLANG_WARN_UNGUARDED_AVAILABILITY = YES_AGGRESSIVE;
				CLANG_WARN_UNREACHABLE_CODE = YES;
				CLANG_WARN__DUPLICATE_METHOD_MATCH = YES;
				CODE_SIGN_IDENTITY = "iPhone Developer";
				COPY_PHASE_STRIP = NO;
				DEBUG_INFORMATION_FORMAT = "dwarf-with-dsym";
				ENABLE_NS_ASSERTIONS = NO;
				ENABLE_STRICT_OBJC_MSGSEND = YES;
				GCC_C_LANGUAGE_STANDARD = gnu11;
				GCC_NO_COMMON_BLOCKS = YES;
				GCC_WARN_64_TO_32_BIT_CONVERSION = YES;
				GCC_WARN_ABOUT_RETURN_TYPE = YES_ERROR;
				GCC_WARN_UNDECLARED_SELECTOR = YES;
				GCC_WARN_UNINITIALIZED_AUTOS = YES_AGGRESSIVE;
				GCC_WARN_UNUSED_FUNCTION = YES;
				GCC_WARN_UNUSED_VARIABLE = YES;
				IPHONEOS_DEPLOYMENT_TARGET = 11.2;
				MTL_ENABLE_DEBUG_INFO = NO;
				SDKROOT = iphoneos;
				SWIFT_OPTIMIZATION_LEVEL = "-Owholemodule";
				VALIDATE_PRODUCT = YES;
			};
			name = Release;
		};
		288A8010209C088C0039FD47 /* Debug */ = {
			isa = XCBuildConfiguration;
			buildSettings = {
				ASSETCATALOG_COMPILER_APPICON_NAME = AppIcon;
				CODE_SIGN_STYLE = Automatic;
				DEVELOPMENT_TEAM = 5TE7DV89BW;
				INFOPLIST_FILE = SearchBar/Info.plist;
				IPHONEOS_DEPLOYMENT_TARGET = 9.0;
				LD_RUNPATH_SEARCH_PATHS = "$(inherited) @executable_path/Frameworks";
				PRODUCT_BUNDLE_IDENTIFIER = com.avidly.SearchBar;
				PRODUCT_NAME = "$(TARGET_NAME)";
				SWIFT_VERSION = 4.0;
				TARGETED_DEVICE_FAMILY = "1,2";
			};
			name = Debug;
		};
		288A8011209C088C0039FD47 /* Release */ = {
			isa = XCBuildConfiguration;
			buildSettings = {
				ASSETCATALOG_COMPILER_APPICON_NAME = AppIcon;
				CODE_SIGN_STYLE = Automatic;
				DEVELOPMENT_TEAM = 5TE7DV89BW;
				INFOPLIST_FILE = SearchBar/Info.plist;
				IPHONEOS_DEPLOYMENT_TARGET = 9.0;
				LD_RUNPATH_SEARCH_PATHS = "$(inherited) @executable_path/Frameworks";
				PRODUCT_BUNDLE_IDENTIFIER = com.avidly.SearchBar;
				PRODUCT_NAME = "$(TARGET_NAME)";
				SWIFT_VERSION = 4.0;
				TARGETED_DEVICE_FAMILY = "1,2";
			};
			name = Release;
		};
/* End XCBuildConfiguration section */

/* Begin XCConfigurationList section */
		288A7FF8209C088C0039FD47 /* Build configuration list for PBXProject "SearchBar" */ = {
			isa = XCConfigurationList;
			buildConfigurations = (
				288A800D209C088C0039FD47 /* Debug */,
				288A800E209C088C0039FD47 /* Release */,
			);
			defaultConfigurationIsVisible = 0;
			defaultConfigurationName = Release;
		};
		288A800F209C088C0039FD47 /* Build configuration list for PBXNativeTarget "SearchBar" */ = {
			isa = XCConfigurationList;
			buildConfigurations = (
				288A8010209C088C0039FD47 /* Debug */,
				288A8011209C088C0039FD47 /* Release */,
			);
			defaultConfigurationIsVisible = 0;
			defaultConfigurationName = Release;
		};
/* End XCConfigurationList section */
	};
	rootObject = 288A7FF5209C088C0039FD47 /* Project object */;
}
